
Microsoft Visual Studio Solution File, Format Version 12.00
# Visual Studio 14
VisualStudioVersion = 14.0.25420.1
MinimumVisualStudioVersion = 10.0.40219.1
Project("{2150E333-8FDC-42A3-9474-1A3956D46DE8}") = "Solution Items", "Solution Items", "{E980FCA2-D495-41CA-A536-4235E874574B}"
	ProjectSection(SolutionItems) = preProject
		global.json = global.json
	EndProjectSection
EndProject
Project("{2150E333-8FDC-42A3-9474-1A3956D46DE8}") = "src", "src", "{5A74BF1F-44F7-4F98-9955-B2B8C279D3C1}"
EndProject
Project("{2150E333-8FDC-42A3-9474-1A3956D46DE8}") = "test", "test", "{AF3A0242-77CD-4926-BDED-8C45A27205D7}"
EndProject
Project("{8BB2217D-0F2D-49D1-97BC-3654ED321F3B}") = "Timesheet.Services", "src\Timesheet.Service\Timesheet.Services.xproj", "{7845CD85-6DC5-4E8E-BA11-658825FFC1D1}"
EndProject
Project("{8BB2217D-0F2D-49D1-97BC-3654ED321F3B}") = "Timesheet.Tests", "test\Timesheet.Tests\Timesheet.Tests.xproj", "{D465C126-F410-4EBB-AFA1-CC57C3C02EB6}"
EndProject
Project("{2150E333-8FDC-42A3-9474-1A3956D46DE8}") = "libraries", "libraries", "{1B143A96-4F93-4532-BBF1-E2ADE68FBFEA}"
EndProject
Project("{8BB2217D-0F2D-49D1-97BC-3654ED321F3B}") = "Timesheet.Api", "src\Timesheet.Api\Timesheet.Api.xproj", "{3384D14F-FB7B-4A6A-93E4-545C958E11DB}"
EndProject
Project("{2150E333-8FDC-42A3-9474-1A3956D46DE8}") = "Api", "Api", "{5BD8D362-41FD-468B-909E-FE571E8DEA3A}"
EndProject
Project("{2150E333-8FDC-42A3-9474-1A3956D46DE8}") = "Cache", "Cache", "{95EB43B8-BABE-452F-A76F-2783F24AD8D4}"
EndProject
Project("{2150E333-8FDC-42A3-9474-1A3956D46DE8}") = "Paging", "Paging", "{00C0EF2A-77A6-49D1-9EA5-DF39E8F0467A}"
EndProject
Project("{2150E333-8FDC-42A3-9474-1A3956D46DE8}") = "EntityFramework", "EntityFramework", "{92B6903A-72C9-4A76-9D6B-C554E101C161}"
EndProject
Project("{8BB2217D-0F2D-49D1-97BC-3654ED321F3B}") = "EntityFramework.Generic", "libraries\EntityFramework\EntityFramework.Generic\EntityFramework.Generic.xproj", "{71C50C27-B1FA-4CDC-BE1C-FE8677F6D8EA}"
EndProject
Project("{2150E333-8FDC-42A3-9474-1A3956D46DE8}") = "Repository", "Repository", "{0BAE405C-0FEB-4365-9C50-594435AC6651}"
EndProject
Project("{8BB2217D-0F2D-49D1-97BC-3654ED321F3B}") = "Repository.Generic", "libraries\Repository\Repository.Generic\Repository.Generic.xproj", "{6957F5AF-D7CC-411C-B51C-2089ED451C20}"
EndProject
Project("{8BB2217D-0F2D-49D1-97BC-3654ED321F3B}") = "Timesheet.Dto", "src\Timesheet.Dto\Timesheet.Dto.xproj", "{A7C7555E-63E8-4391-90BE-D4633107175A}"
EndProject
Project("{8BB2217D-0F2D-49D1-97BC-3654ED321F3B}") = "Timesheet.Constants", "src\Timesheet.Constants\Timesheet.Constants.xproj", "{991900E5-C251-4414-B2E2-37003A67DEA0}"
EndProject
Project("{8BB2217D-0F2D-49D1-97BC-3654ED321F3B}") = "Timesheet.Entities", "src\Timesheet.DataModel\Timesheet.Entities.xproj", "{0C9C5ACE-BE52-4A1A-84DE-A160027848EF}"
EndProject
Project("{2150E333-8FDC-42A3-9474-1A3956D46DE8}") = "Web", "Web", "{02065295-8CB1-4D86-832A-A0742248C45F}"
EndProject
Global
	GlobalSection(SolutionConfigurationPlatforms) = preSolution
		Debug|Any CPU = Debug|Any CPU
		Release|Any CPU = Release|Any CPU
	EndGlobalSection
	GlobalSection(ProjectConfigurationPlatforms) = postSolution
		{7845CD85-6DC5-4E8E-BA11-658825FFC1D1}.Debug|Any CPU.ActiveCfg = Debug|Any CPU
		{7845CD85-6DC5-4E8E-BA11-658825FFC1D1}.Debug|Any CPU.Build.0 = Debug|Any CPU
		{7845CD85-6DC5-4E8E-BA11-658825FFC1D1}.Release|Any CPU.ActiveCfg = Release|Any CPU
		{7845CD85-6DC5-4E8E-BA11-658825FFC1D1}.Release|Any CPU.Build.0 = Release|Any CPU
		{D465C126-F410-4EBB-AFA1-CC57C3C02EB6}.Debug|Any CPU.ActiveCfg = Debug|Any CPU
		{D465C126-F410-4EBB-AFA1-CC57C3C02EB6}.Debug|Any CPU.Build.0 = Debug|Any CPU
		{D465C126-F410-4EBB-AFA1-CC57C3C02EB6}.Release|Any CPU.ActiveCfg = Release|Any CPU
		{D465C126-F410-4EBB-AFA1-CC57C3C02EB6}.Release|Any CPU.Build.0 = Release|Any CPU
		{3384D14F-FB7B-4A6A-93E4-545C958E11DB}.Debug|Any CPU.ActiveCfg = Debug|Any CPU
		{3384D14F-FB7B-4A6A-93E4-545C958E11DB}.Debug|Any CPU.Build.0 = Debug|Any CPU
		{3384D14F-FB7B-4A6A-93E4-545C958E11DB}.Release|Any CPU.ActiveCfg = Release|Any CPU
		{3384D14F-FB7B-4A6A-93E4-545C958E11DB}.Release|Any CPU.Build.0 = Release|Any CPU
		{71C50C27-B1FA-4CDC-BE1C-FE8677F6D8EA}.Debug|Any CPU.ActiveCfg = Debug|Any CPU
		{71C50C27-B1FA-4CDC-BE1C-FE8677F6D8EA}.Debug|Any CPU.Build.0 = Debug|Any CPU
		{71C50C27-B1FA-4CDC-BE1C-FE8677F6D8EA}.Release|Any CPU.ActiveCfg = Release|Any CPU
		{71C50C27-B1FA-4CDC-BE1C-FE8677F6D8EA}.Release|Any CPU.Build.0 = Release|Any CPU
		{6957F5AF-D7CC-411C-B51C-2089ED451C20}.Debug|Any CPU.ActiveCfg = Debug|Any CPU
		{6957F5AF-D7CC-411C-B51C-2089ED451C20}.Debug|Any CPU.Build.0 = Debug|Any CPU
		{6957F5AF-D7CC-411C-B51C-2089ED451C20}.Release|Any CPU.ActiveCfg = Release|Any CPU
		{6957F5AF-D7CC-411C-B51C-2089ED451C20}.Release|Any CPU.Build.0 = Release|Any CPU
		{A7C7555E-63E8-4391-90BE-D4633107175A}.Debug|Any CPU.ActiveCfg = Debug|Any CPU
		{A7C7555E-63E8-4391-90BE-D4633107175A}.Debug|Any CPU.Build.0 = Debug|Any CPU
		{A7C7555E-63E8-4391-90BE-D4633107175A}.Release|Any CPU.ActiveCfg = Release|Any CPU
		{A7C7555E-63E8-4391-90BE-D4633107175A}.Release|Any CPU.Build.0 = Release|Any CPU
		{991900E5-C251-4414-B2E2-37003A67DEA0}.Debug|Any CPU.ActiveCfg = Debug|Any CPU
		{991900E5-C251-4414-B2E2-37003A67DEA0}.Debug|Any CPU.Build.0 = Debug|Any CPU
		{991900E5-C251-4414-B2E2-37003A67DEA0}.Release|Any CPU.ActiveCfg = Release|Any CPU
		{991900E5-C251-4414-B2E2-37003A67DEA0}.Release|Any CPU.Build.0 = Release|Any CPU
		{0C9C5ACE-BE52-4A1A-84DE-A160027848EF}.Debug|Any CPU.ActiveCfg = Debug|Any CPU
		{0C9C5ACE-BE52-4A1A-84DE-A160027848EF}.Debug|Any CPU.Build.0 = Debug|Any CPU
		{0C9C5ACE-BE52-4A1A-84DE-A160027848EF}.Release|Any CPU.ActiveCfg = Release|Any CPU
		{0C9C5ACE-BE52-4A1A-84DE-A160027848EF}.Release|Any CPU.Build.0 = Release|Any CPU
	EndGlobalSection
	GlobalSection(SolutionProperties) = preSolution
		HideSolutionNode = FALSE
	EndGlobalSection
	GlobalSection(NestedProjects) = preSolution
		{7845CD85-6DC5-4E8E-BA11-658825FFC1D1} = {5A74BF1F-44F7-4F98-9955-B2B8C279D3C1}
		{D465C126-F410-4EBB-AFA1-CC57C3C02EB6} = {AF3A0242-77CD-4926-BDED-8C45A27205D7}
		{3384D14F-FB7B-4A6A-93E4-545C958E11DB} = {5A74BF1F-44F7-4F98-9955-B2B8C279D3C1}
		{5BD8D362-41FD-468B-909E-FE571E8DEA3A} = {1B143A96-4F93-4532-BBF1-E2ADE68FBFEA}
		{95EB43B8-BABE-452F-A76F-2783F24AD8D4} = {1B143A96-4F93-4532-BBF1-E2ADE68FBFEA}
		{00C0EF2A-77A6-49D1-9EA5-DF39E8F0467A} = {1B143A96-4F93-4532-BBF1-E2ADE68FBFEA}
		{92B6903A-72C9-4A76-9D6B-C554E101C161} = {1B143A96-4F93-4532-BBF1-E2ADE68FBFEA}
		{71C50C27-B1FA-4CDC-BE1C-FE8677F6D8EA} = {92B6903A-72C9-4A76-9D6B-C554E101C161}
		{0BAE405C-0FEB-4365-9C50-594435AC6651} = {1B143A96-4F93-4532-BBF1-E2ADE68FBFEA}
		{6957F5AF-D7CC-411C-B51C-2089ED451C20} = {0BAE405C-0FEB-4365-9C50-594435AC6651}
		{A7C7555E-63E8-4391-90BE-D4633107175A} = {5A74BF1F-44F7-4F98-9955-B2B8C279D3C1}
		{991900E5-C251-4414-B2E2-37003A67DEA0} = {5A74BF1F-44F7-4F98-9955-B2B8C279D3C1}
		{0C9C5ACE-BE52-4A1A-84DE-A160027848EF} = {5A74BF1F-44F7-4F98-9955-B2B8C279D3C1}
		{02065295-8CB1-4D86-832A-A0742248C45F} = {1B143A96-4F93-4532-BBF1-E2ADE68FBFEA}
	EndGlobalSection
EndGlobal
