
Microsoft Visual Studio Solution File, Format Version 12.00
# Visual Studio 14
VisualStudioVersion = 14.0.25420.1
MinimumVisualStudioVersion = 10.0.40219.1
Project("{2150E333-8FDC-42A3-9474-1A3956D46DE8}") = "src", "src", "{CDF815E2-B0FA-4609-87FE-136A403ABE9E}"
EndProject
Project("{2150E333-8FDC-42A3-9474-1A3956D46DE8}") = "Solution Items", "Solution Items", "{AD239FF5-4F52-402A-940F-2A01E37B508B}"
	ProjectSection(SolutionItems) = preProject
		global.json = global.json
	EndProjectSection
EndProject
Project("{8BB2217D-0F2D-49D1-97BC-3654ED321F3B}") = "Timesheet.Api", "src\Timesheet.Api\Timesheet.Api.xproj", "{408362D0-CD90-41A8-AB3E-208D836F016D}"
EndProject
Project("{8BB2217D-0F2D-49D1-97BC-3654ED321F3B}") = "Timesheet.Tests", "tests\Timesheet.Tests\Timesheet.Tests.xproj", "{FBAD3A7A-988A-484A-941A-462DC64A45D0}"
EndProject
Project("{2150E333-8FDC-42A3-9474-1A3956D46DE8}") = "tests", "tests", "{E66BDBC2-2F44-4AC5-B976-6D704FDB2129}"
EndProject
Project("{2150E333-8FDC-42A3-9474-1A3956D46DE8}") = "libraries", "libraries", "{6C02D7D2-C043-4A76-B08B-6F39216D8144}"
EndProject
Project("{2150E333-8FDC-42A3-9474-1A3956D46DE8}") = "Repository", "Repository", "{D8EF410C-AB12-461C-8F4B-22F6884E36B0}"
EndProject
Project("{8BB2217D-0F2D-49D1-97BC-3654ED321F3B}") = "Timesheet.Services", "src\Timesheet.Services\Timesheet.Services.xproj", "{93C120B9-6F68-49BC-9B14-BD1B8CA1D75C}"
EndProject
Project("{8BB2217D-0F2D-49D1-97BC-3654ED321F3B}") = "Generic.Repository", "libraries\Repository\Generic.Repository\Generic.Repository.xproj", "{4BA6CF10-E228-45F9-B186-7EE2250AF21B}"
EndProject
Project("{8BB2217D-0F2D-49D1-97BC-3654ED321F3B}") = "Timesheet.Entities", "src\Timesheet.Entities\Timesheet.Entities.xproj", "{52081D37-F661-4CFF-8EA9-812F0D2BF9EE}"
EndProject
Project("{8BB2217D-0F2D-49D1-97BC-3654ED321F3B}") = "Timesheet.Dto", "src\Timesheet.Dto\Timesheet.Dto.xproj", "{2B83D1F9-3B20-4053-B625-88AF6BB7F0C7}"
EndProject
Global
	GlobalSection(SolutionConfigurationPlatforms) = preSolution
		Debug|Any CPU = Debug|Any CPU
		Release|Any CPU = Release|Any CPU
	EndGlobalSection
	GlobalSection(ProjectConfigurationPlatforms) = postSolution
		{408362D0-CD90-41A8-AB3E-208D836F016D}.Debug|Any CPU.ActiveCfg = Debug|Any CPU
		{408362D0-CD90-41A8-AB3E-208D836F016D}.Debug|Any CPU.Build.0 = Debug|Any CPU
		{408362D0-CD90-41A8-AB3E-208D836F016D}.Release|Any CPU.ActiveCfg = Release|Any CPU
		{408362D0-CD90-41A8-AB3E-208D836F016D}.Release|Any CPU.Build.0 = Release|Any CPU
		{FBAD3A7A-988A-484A-941A-462DC64A45D0}.Debug|Any CPU.ActiveCfg = Debug|Any CPU
		{FBAD3A7A-988A-484A-941A-462DC64A45D0}.Debug|Any CPU.Build.0 = Debug|Any CPU
		{FBAD3A7A-988A-484A-941A-462DC64A45D0}.Release|Any CPU.ActiveCfg = Release|Any CPU
		{FBAD3A7A-988A-484A-941A-462DC64A45D0}.Release|Any CPU.Build.0 = Release|Any CPU
		{93C120B9-6F68-49BC-9B14-BD1B8CA1D75C}.Debug|Any CPU.ActiveCfg = Debug|Any CPU
		{93C120B9-6F68-49BC-9B14-BD1B8CA1D75C}.Debug|Any CPU.Build.0 = Debug|Any CPU
		{93C120B9-6F68-49BC-9B14-BD1B8CA1D75C}.Release|Any CPU.ActiveCfg = Release|Any CPU
		{93C120B9-6F68-49BC-9B14-BD1B8CA1D75C}.Release|Any CPU.Build.0 = Release|Any CPU
		{4BA6CF10-E228-45F9-B186-7EE2250AF21B}.Debug|Any CPU.ActiveCfg = Debug|Any CPU
		{4BA6CF10-E228-45F9-B186-7EE2250AF21B}.Debug|Any CPU.Build.0 = Debug|Any CPU
		{4BA6CF10-E228-45F9-B186-7EE2250AF21B}.Release|Any CPU.ActiveCfg = Release|Any CPU
		{4BA6CF10-E228-45F9-B186-7EE2250AF21B}.Release|Any CPU.Build.0 = Release|Any CPU
		{52081D37-F661-4CFF-8EA9-812F0D2BF9EE}.Debug|Any CPU.ActiveCfg = Debug|Any CPU
		{52081D37-F661-4CFF-8EA9-812F0D2BF9EE}.Debug|Any CPU.Build.0 = Debug|Any CPU
		{52081D37-F661-4CFF-8EA9-812F0D2BF9EE}.Release|Any CPU.ActiveCfg = Release|Any CPU
		{52081D37-F661-4CFF-8EA9-812F0D2BF9EE}.Release|Any CPU.Build.0 = Release|Any CPU
		{2B83D1F9-3B20-4053-B625-88AF6BB7F0C7}.Debug|Any CPU.ActiveCfg = Debug|Any CPU
		{2B83D1F9-3B20-4053-B625-88AF6BB7F0C7}.Debug|Any CPU.Build.0 = Debug|Any CPU
		{2B83D1F9-3B20-4053-B625-88AF6BB7F0C7}.Release|Any CPU.ActiveCfg = Release|Any CPU
		{2B83D1F9-3B20-4053-B625-88AF6BB7F0C7}.Release|Any CPU.Build.0 = Release|Any CPU
	EndGlobalSection
	GlobalSection(SolutionProperties) = preSolution
		HideSolutionNode = FALSE
	EndGlobalSection
	GlobalSection(NestedProjects) = preSolution
		{408362D0-CD90-41A8-AB3E-208D836F016D} = {CDF815E2-B0FA-4609-87FE-136A403ABE9E}
		{FBAD3A7A-988A-484A-941A-462DC64A45D0} = {E66BDBC2-2F44-4AC5-B976-6D704FDB2129}
		{D8EF410C-AB12-461C-8F4B-22F6884E36B0} = {6C02D7D2-C043-4A76-B08B-6F39216D8144}
		{93C120B9-6F68-49BC-9B14-BD1B8CA1D75C} = {CDF815E2-B0FA-4609-87FE-136A403ABE9E}
		{4BA6CF10-E228-45F9-B186-7EE2250AF21B} = {D8EF410C-AB12-461C-8F4B-22F6884E36B0}
		{52081D37-F661-4CFF-8EA9-812F0D2BF9EE} = {CDF815E2-B0FA-4609-87FE-136A403ABE9E}
		{2B83D1F9-3B20-4053-B625-88AF6BB7F0C7} = {CDF815E2-B0FA-4609-87FE-136A403ABE9E}
	EndGlobalSection
EndGlobal
